
Microsoft Visual Studio Solution File, Format Version 12.00
# Visual Studio Version 17
VisualStudioVersion = 17.4.33213.308
MinimumVisualStudioVersion = 10.0.40219.1
Project("{9A19103F-16F7-4668-BE54-9A1E7A4F7556}") = "MetalFromFish", "MetalFromFish.csproj", "{516D24D8-1269-443F-8480-0E3605D194DE}"
EndProject
Global
	GlobalSection(SolutionConfigurationPlatforms) = preSolution
		Debug|Any CPU = Debug|Any CPU
		Release|Any CPU = Release|Any CPU
	EndGlobalSection
	GlobalSection(ProjectConfigurationPlatforms) = postSolution
		{516D24D8-1269-443F-8480-0E3605D194DE}.Debug|Any CPU.ActiveCfg = Debug|Any CPU
		{516D24D8-1269-443F-8480-0E3605D194DE}.Debug|Any CPU.Build.0 = Debug|Any CPU
		{516D24D8-1269-443F-8480-0E3605D194DE}.Release|Any CPU.ActiveCfg = Release|Any CPU
		{516D24D8-1269-443F-8480-0E3605D194DE}.Release|Any CPU.Build.0 = Release|Any CPU
	EndGlobalSection
	GlobalSection(SolutionProperties) = preSolution
		HideSolutionNode = FALSE
	EndGlobalSection
	GlobalSection(ExtensibilityGlobals) = postSolution
		SolutionGuid = {92B9A17E-82DB-4783-97ED-D92ABA797716}
	EndGlobalSection
EndGlobal
